
Microsoft Visual Studio Solution File, Format Version 12.00
# Visual Studio Version 17
VisualStudioVersion = 17.3.32922.545
MinimumVisualStudioVersion = 10.0.40219.1
Project("{FAE04EC0-301F-11D3-BF4B-00C04F79EFBC}") = "Proyecto Xamarin.Android", "Proyecto Xamarin\Proyecto Xamarin.Android\Proyecto Xamarin.Android.csproj", "{08548F6C-1991-4B7E-864E-21462AF1011A}"
EndProject
Project("{FAE04EC0-301F-11D3-BF4B-00C04F79EFBC}") = "Proyecto Xamarin.iOS", "Proyecto Xamarin\Proyecto Xamarin.iOS\Proyecto Xamarin.iOS.csproj", "{7F6E1AE2-6C49-4266-863A-CBFDA8660D9E}"
EndProject
Project("{FAE04EC0-301F-11D3-BF4B-00C04F79EFBC}") = "Proyecto Xamarin", "Proyecto Xamarin\Proyecto Xamarin\Proyecto Xamarin.csproj", "{B3A6283E-729B-4C9D-8C01-201E540F57D5}"
EndProject
Global
	GlobalSection(SolutionConfigurationPlatforms) = preSolution
		Debug|Any CPU = Debug|Any CPU
		Debug|iPhone = Debug|iPhone
		Debug|iPhoneSimulator = Debug|iPhoneSimulator
		Release|Any CPU = Release|Any CPU
		Release|iPhone = Release|iPhone
		Release|iPhoneSimulator = Release|iPhoneSimulator
	EndGlobalSection
	GlobalSection(ProjectConfigurationPlatforms) = postSolution
		{08548F6C-1991-4B7E-864E-21462AF1011A}.Debug|Any CPU.ActiveCfg = Debug|Any CPU
		{08548F6C-1991-4B7E-864E-21462AF1011A}.Debug|Any CPU.Build.0 = Debug|Any CPU
		{08548F6C-1991-4B7E-864E-21462AF1011A}.Debug|Any CPU.Deploy.0 = Debug|Any CPU
		{08548F6C-1991-4B7E-864E-21462AF1011A}.Debug|iPhone.ActiveCfg = Debug|Any CPU
		{08548F6C-1991-4B7E-864E-21462AF1011A}.Debug|iPhone.Build.0 = Debug|Any CPU
		{08548F6C-1991-4B7E-864E-21462AF1011A}.Debug|iPhone.Deploy.0 = Debug|Any CPU
		{08548F6C-1991-4B7E-864E-21462AF1011A}.Debug|iPhoneSimulator.ActiveCfg = Debug|Any CPU
		{08548F6C-1991-4B7E-864E-21462AF1011A}.Debug|iPhoneSimulator.Build.0 = Debug|Any CPU
		{08548F6C-1991-4B7E-864E-21462AF1011A}.Debug|iPhoneSimulator.Deploy.0 = Debug|Any CPU
		{08548F6C-1991-4B7E-864E-21462AF1011A}.Release|Any CPU.ActiveCfg = Release|Any CPU
		{08548F6C-1991-4B7E-864E-21462AF1011A}.Release|Any CPU.Build.0 = Release|Any CPU
		{08548F6C-1991-4B7E-864E-21462AF1011A}.Release|Any CPU.Deploy.0 = Release|Any CPU
		{08548F6C-1991-4B7E-864E-21462AF1011A}.Release|iPhone.ActiveCfg = Release|Any CPU
		{08548F6C-1991-4B7E-864E-21462AF1011A}.Release|iPhone.Build.0 = Release|Any CPU
		{08548F6C-1991-4B7E-864E-21462AF1011A}.Release|iPhone.Deploy.0 = Release|Any CPU
		{08548F6C-1991-4B7E-864E-21462AF1011A}.Release|iPhoneSimulator.ActiveCfg = Release|Any CPU
		{08548F6C-1991-4B7E-864E-21462AF1011A}.Release|iPhoneSimulator.Build.0 = Release|Any CPU
		{08548F6C-1991-4B7E-864E-21462AF1011A}.Release|iPhoneSimulator.Deploy.0 = Release|Any CPU
		{7F6E1AE2-6C49-4266-863A-CBFDA8660D9E}.Debug|Any CPU.ActiveCfg = Debug|iPhone
		{7F6E1AE2-6C49-4266-863A-CBFDA8660D9E}.Debug|Any CPU.Build.0 = Debug|iPhone
		{7F6E1AE2-6C49-4266-863A-CBFDA8660D9E}.Debug|Any CPU.Deploy.0 = Debug|iPhone
		{7F6E1AE2-6C49-4266-863A-CBFDA8660D9E}.Debug|iPhone.ActiveCfg = Debug|iPhone
		{7F6E1AE2-6C49-4266-863A-CBFDA8660D9E}.Debug|iPhone.Build.0 = Debug|iPhone
		{7F6E1AE2-6C49-4266-863A-CBFDA8660D9E}.Debug|iPhone.Deploy.0 = Debug|iPhone
		{7F6E1AE2-6C49-4266-863A-CBFDA8660D9E}.Debug|iPhoneSimulator.ActiveCfg = Debug|iPhoneSimulator
		{7F6E1AE2-6C49-4266-863A-CBFDA8660D9E}.Debug|iPhoneSimulator.Build.0 = Debug|iPhoneSimulator
		{7F6E1AE2-6C49-4266-863A-CBFDA8660D9E}.Debug|iPhoneSimulator.Deploy.0 = Debug|iPhoneSimulator
		{7F6E1AE2-6C49-4266-863A-CBFDA8660D9E}.Release|Any CPU.ActiveCfg = Release|iPhoneSimulator
		{7F6E1AE2-6C49-4266-863A-CBFDA8660D9E}.Release|Any CPU.Build.0 = Release|iPhoneSimulator
		{7F6E1AE2-6C49-4266-863A-CBFDA8660D9E}.Release|Any CPU.Deploy.0 = Release|iPhoneSimulator
		{7F6E1AE2-6C49-4266-863A-CBFDA8660D9E}.Release|iPhone.ActiveCfg = Release|iPhone
		{7F6E1AE2-6C49-4266-863A-CBFDA8660D9E}.Release|iPhone.Build.0 = Release|iPhone
		{7F6E1AE2-6C49-4266-863A-CBFDA8660D9E}.Release|iPhone.Deploy.0 = Release|iPhone
		{7F6E1AE2-6C49-4266-863A-CBFDA8660D9E}.Release|iPhoneSimulator.ActiveCfg = Release|iPhoneSimulator
		{7F6E1AE2-6C49-4266-863A-CBFDA8660D9E}.Release|iPhoneSimulator.Build.0 = Release|iPhoneSimulator
		{7F6E1AE2-6C49-4266-863A-CBFDA8660D9E}.Release|iPhoneSimulator.Deploy.0 = Release|iPhoneSimulator
		{B3A6283E-729B-4C9D-8C01-201E540F57D5}.Debug|Any CPU.ActiveCfg = Debug|Any CPU
		{B3A6283E-729B-4C9D-8C01-201E540F57D5}.Debug|Any CPU.Build.0 = Debug|Any CPU
		{B3A6283E-729B-4C9D-8C01-201E540F57D5}.Debug|Any CPU.Deploy.0 = Debug|Any CPU
		{B3A6283E-729B-4C9D-8C01-201E540F57D5}.Debug|iPhone.ActiveCfg = Debug|Any CPU
		{B3A6283E-729B-4C9D-8C01-201E540F57D5}.Debug|iPhone.Build.0 = Debug|Any CPU
		{B3A6283E-729B-4C9D-8C01-201E540F57D5}.Debug|iPhone.Deploy.0 = Debug|Any CPU
		{B3A6283E-729B-4C9D-8C01-201E540F57D5}.Debug|iPhoneSimulator.ActiveCfg = Debug|Any CPU
		{B3A6283E-729B-4C9D-8C01-201E540F57D5}.Debug|iPhoneSimulator.Build.0 = Debug|Any CPU
		{B3A6283E-729B-4C9D-8C01-201E540F57D5}.Debug|iPhoneSimulator.Deploy.0 = Debug|Any CPU
		{B3A6283E-729B-4C9D-8C01-201E540F57D5}.Release|Any CPU.ActiveCfg = Release|Any CPU
		{B3A6283E-729B-4C9D-8C01-201E540F57D5}.Release|Any CPU.Build.0 = Release|Any CPU
		{B3A6283E-729B-4C9D-8C01-201E540F57D5}.Release|Any CPU.Deploy.0 = Release|Any CPU
		{B3A6283E-729B-4C9D-8C01-201E540F57D5}.Release|iPhone.ActiveCfg = Release|Any CPU
		{B3A6283E-729B-4C9D-8C01-201E540F57D5}.Release|iPhone.Build.0 = Release|Any CPU
		{B3A6283E-729B-4C9D-8C01-201E540F57D5}.Release|iPhone.Deploy.0 = Release|Any CPU
		{B3A6283E-729B-4C9D-8C01-201E540F57D5}.Release|iPhoneSimulator.ActiveCfg = Release|Any CPU
		{B3A6283E-729B-4C9D-8C01-201E540F57D5}.Release|iPhoneSimulator.Build.0 = Release|Any CPU
		{B3A6283E-729B-4C9D-8C01-201E540F57D5}.Release|iPhoneSimulator.Deploy.0 = Release|Any CPU
	EndGlobalSection
	GlobalSection(SolutionProperties) = preSolution
		HideSolutionNode = FALSE
	EndGlobalSection
	GlobalSection(ExtensibilityGlobals) = postSolution
		SolutionGuid = {64354A47-3FB9-4E5B-BFC1-ABA6AA441D3C}
	EndGlobalSection
EndGlobal
